
Microsoft Visual Studio Solution File, Format Version 12.00
# Visual Studio 14
VisualStudioVersion = 14.0.25123.0
MinimumVisualStudioVersion = 10.0.40219.1
Project("{8BC9CEB8-8B4A-11D0-8D11-00A0C91BC942}") = "Graphics", "Graphics.vcxproj", "{0670EF0A-AB28-4050-9DA3-C68D1C5D6BEA}"
EndProject
Project("{8BC9CEB8-8B4A-11D0-8D11-00A0C91BC942}") = "01-HeyTriangle", "test\01-HeyTriangle\01-HeyTriangle.vcxproj", "{C8C1B11C-242A-4F35-942E-A0CFE0B1A847}"
	ProjectSection(ProjectDependencies) = postProject
		{0670EF0A-AB28-4050-9DA3-C68D1C5D6BEA} = {0670EF0A-AB28-4050-9DA3-C68D1C5D6BEA}
	EndProjectSection
EndProject
Project("{8BC9CEB8-8B4A-11D0-8D11-00A0C91BC942}") = "02-UniTex", "test\02-UniTex\02-UniTex.vcxproj", "{0046CA75-2CDF-43F1-887B-EBF1E3D1BE1F}"
	ProjectSection(ProjectDependencies) = postProject
		{0670EF0A-AB28-4050-9DA3-C68D1C5D6BEA} = {0670EF0A-AB28-4050-9DA3-C68D1C5D6BEA}
	EndProjectSection
EndProject
Project("{8BC9CEB8-8B4A-11D0-8D11-00A0C91BC942}") = "03-tdraw", "test\03-tdraw\03-tdraw.vcxproj", "{3C8407F2-4557-48E8-BF38-E2954A6EC484}"
	ProjectSection(ProjectDependencies) = postProject
		{0670EF0A-AB28-4050-9DA3-C68D1C5D6BEA} = {0670EF0A-AB28-4050-9DA3-C68D1C5D6BEA}
	EndProjectSection
EndProject
Project("{8BC9CEB8-8B4A-11D0-8D11-00A0C91BC942}") = "04-FromDisk", "test\04-FromDisk\04-FromDisk.vcxproj", "{B4148570-826E-4B81-8BD3-892D444084C5}"
	ProjectSection(ProjectDependencies) = postProject
		{0670EF0A-AB28-4050-9DA3-C68D1C5D6BEA} = {0670EF0A-AB28-4050-9DA3-C68D1C5D6BEA}
	EndProjectSection
EndProject
Project("{8BC9CEB8-8B4A-11D0-8D11-00A0C91BC942}") = "shaders", "resources\shaders\shaders.vcxproj", "{E00F1E13-6FE0-4C59-85B6-C3539CA2B1C2}"
EndProject
Project("{8BC9CEB8-8B4A-11D0-8D11-00A0C91BC942}") = "05-MVP", "test\05-MVP\05-MVP.vcxproj", "{E5F0E5D1-4D5E-4298-B709-F1506FF2A531}"
	ProjectSection(ProjectDependencies) = postProject
		{0670EF0A-AB28-4050-9DA3-C68D1C5D6BEA} = {0670EF0A-AB28-4050-9DA3-C68D1C5D6BEA}
	EndProjectSection
EndProject
Project("{8BC9CEB8-8B4A-11D0-8D11-00A0C91BC942}") = "07-Materials", "test\07-Materials\07-Materials.vcxproj", "{E8CBF794-5C50-4BF9-9C2B-D61B07FE0BB4}"
	ProjectSection(ProjectDependencies) = postProject
		{0670EF0A-AB28-4050-9DA3-C68D1C5D6BEA} = {0670EF0A-AB28-4050-9DA3-C68D1C5D6BEA}
	EndProjectSection
EndProject
Project("{8BC9CEB8-8B4A-11D0-8D11-00A0C91BC942}") = "06-Lights", "test\06-Lights\06-Lights.vcxproj", "{7B987C9F-B4C8-4EFD-9057-7CA43CB96A0B}"
EndProject
Project("{8BC9CEB8-8B4A-11D0-8D11-00A0C91BC942}") = "09-Shadows", "test\09-Shadows\09-Shadows.vcxproj", "{3731DEAB-7556-4AE9-810E-D44BB7A27B0C}"
	ProjectSection(ProjectDependencies) = postProject
		{0670EF0A-AB28-4050-9DA3-C68D1C5D6BEA} = {0670EF0A-AB28-4050-9DA3-C68D1C5D6BEA}
		{E00F1E13-6FE0-4C59-85B6-C3539CA2B1C2} = {E00F1E13-6FE0-4C59-85B6-C3539CA2B1C2}
	EndProjectSection
EndProject
Project("{8BC9CEB8-8B4A-11D0-8D11-00A0C91BC942}") = "AssessmentProject", "..\AssessmentProject\AssessmentProject.vcxproj", "{4D84DCBD-7B0D-409D-A32E-27E3176CEC65}"
	ProjectSection(ProjectDependencies) = postProject
		{0670EF0A-AB28-4050-9DA3-C68D1C5D6BEA} = {0670EF0A-AB28-4050-9DA3-C68D1C5D6BEA}
		{E00F1E13-6FE0-4C59-85B6-C3539CA2B1C2} = {E00F1E13-6FE0-4C59-85B6-C3539CA2B1C2}
	EndProjectSection
EndProject
Project("{8BC9CEB8-8B4A-11D0-8D11-00A0C91BC942}") = "10-Deferred", "test\10-Deferred\10-Deferred.vcxproj", "{23D57F60-558B-4069-BECF-0C40C440088D}"
EndProject
Global
	GlobalSection(SolutionConfigurationPlatforms) = preSolution
		Debug|Any CPU = Debug|Any CPU
		Debug|x64 = Debug|x64
		Debug|x86 = Debug|x86
		Release|Any CPU = Release|Any CPU
		Release|x64 = Release|x64
		Release|x86 = Release|x86
	EndGlobalSection
	GlobalSection(ProjectConfigurationPlatforms) = postSolution
		{0670EF0A-AB28-4050-9DA3-C68D1C5D6BEA}.Debug|Any CPU.ActiveCfg = Debug|Win32
		{0670EF0A-AB28-4050-9DA3-C68D1C5D6BEA}.Debug|x64.ActiveCfg = Debug|x64
		{0670EF0A-AB28-4050-9DA3-C68D1C5D6BEA}.Debug|x64.Build.0 = Debug|x64
		{0670EF0A-AB28-4050-9DA3-C68D1C5D6BEA}.Debug|x86.ActiveCfg = Debug|Win32
		{0670EF0A-AB28-4050-9DA3-C68D1C5D6BEA}.Debug|x86.Build.0 = Debug|Win32
		{0670EF0A-AB28-4050-9DA3-C68D1C5D6BEA}.Release|Any CPU.ActiveCfg = Release|Win32
		{0670EF0A-AB28-4050-9DA3-C68D1C5D6BEA}.Release|x64.ActiveCfg = Release|x64
		{0670EF0A-AB28-4050-9DA3-C68D1C5D6BEA}.Release|x64.Build.0 = Release|x64
		{0670EF0A-AB28-4050-9DA3-C68D1C5D6BEA}.Release|x86.ActiveCfg = Release|Win32
		{0670EF0A-AB28-4050-9DA3-C68D1C5D6BEA}.Release|x86.Build.0 = Release|Win32
		{C8C1B11C-242A-4F35-942E-A0CFE0B1A847}.Debug|Any CPU.ActiveCfg = Debug|Win32
		{C8C1B11C-242A-4F35-942E-A0CFE0B1A847}.Debug|x64.ActiveCfg = Debug|x64
		{C8C1B11C-242A-4F35-942E-A0CFE0B1A847}.Debug|x64.Build.0 = Debug|x64
		{C8C1B11C-242A-4F35-942E-A0CFE0B1A847}.Debug|x86.ActiveCfg = Debug|Win32
		{C8C1B11C-242A-4F35-942E-A0CFE0B1A847}.Debug|x86.Build.0 = Debug|Win32
		{C8C1B11C-242A-4F35-942E-A0CFE0B1A847}.Release|Any CPU.ActiveCfg = Release|Win32
		{C8C1B11C-242A-4F35-942E-A0CFE0B1A847}.Release|x64.ActiveCfg = Release|x64
		{C8C1B11C-242A-4F35-942E-A0CFE0B1A847}.Release|x64.Build.0 = Release|x64
		{C8C1B11C-242A-4F35-942E-A0CFE0B1A847}.Release|x86.ActiveCfg = Release|Win32
		{C8C1B11C-242A-4F35-942E-A0CFE0B1A847}.Release|x86.Build.0 = Release|Win32
		{0046CA75-2CDF-43F1-887B-EBF1E3D1BE1F}.Debug|Any CPU.ActiveCfg = Debug|Win32
		{0046CA75-2CDF-43F1-887B-EBF1E3D1BE1F}.Debug|x64.ActiveCfg = Debug|x64
		{0046CA75-2CDF-43F1-887B-EBF1E3D1BE1F}.Debug|x64.Build.0 = Debug|x64
		{0046CA75-2CDF-43F1-887B-EBF1E3D1BE1F}.Debug|x86.ActiveCfg = Debug|Win32
		{0046CA75-2CDF-43F1-887B-EBF1E3D1BE1F}.Debug|x86.Build.0 = Debug|Win32
		{0046CA75-2CDF-43F1-887B-EBF1E3D1BE1F}.Release|Any CPU.ActiveCfg = Release|Win32
		{0046CA75-2CDF-43F1-887B-EBF1E3D1BE1F}.Release|x64.ActiveCfg = Release|x64
		{0046CA75-2CDF-43F1-887B-EBF1E3D1BE1F}.Release|x64.Build.0 = Release|x64
		{0046CA75-2CDF-43F1-887B-EBF1E3D1BE1F}.Release|x86.ActiveCfg = Release|Win32
		{0046CA75-2CDF-43F1-887B-EBF1E3D1BE1F}.Release|x86.Build.0 = Release|Win32
		{3C8407F2-4557-48E8-BF38-E2954A6EC484}.Debug|Any CPU.ActiveCfg = Debug|Win32
		{3C8407F2-4557-48E8-BF38-E2954A6EC484}.Debug|x64.ActiveCfg = Debug|x64
		{3C8407F2-4557-48E8-BF38-E2954A6EC484}.Debug|x64.Build.0 = Debug|x64
		{3C8407F2-4557-48E8-BF38-E2954A6EC484}.Debug|x86.ActiveCfg = Debug|Win32
		{3C8407F2-4557-48E8-BF38-E2954A6EC484}.Debug|x86.Build.0 = Debug|Win32
		{3C8407F2-4557-48E8-BF38-E2954A6EC484}.Release|Any CPU.ActiveCfg = Release|Win32
		{3C8407F2-4557-48E8-BF38-E2954A6EC484}.Release|x64.ActiveCfg = Release|x64
		{3C8407F2-4557-48E8-BF38-E2954A6EC484}.Release|x64.Build.0 = Release|x64
		{3C8407F2-4557-48E8-BF38-E2954A6EC484}.Release|x86.ActiveCfg = Release|Win32
		{3C8407F2-4557-48E8-BF38-E2954A6EC484}.Release|x86.Build.0 = Release|Win32
		{B4148570-826E-4B81-8BD3-892D444084C5}.Debug|Any CPU.ActiveCfg = Debug|Win32
		{B4148570-826E-4B81-8BD3-892D444084C5}.Debug|x64.ActiveCfg = Debug|x64
		{B4148570-826E-4B81-8BD3-892D444084C5}.Debug|x64.Build.0 = Debug|x64
		{B4148570-826E-4B81-8BD3-892D444084C5}.Debug|x86.ActiveCfg = Debug|Win32
		{B4148570-826E-4B81-8BD3-892D444084C5}.Debug|x86.Build.0 = Debug|Win32
		{B4148570-826E-4B81-8BD3-892D444084C5}.Release|Any CPU.ActiveCfg = Release|Win32
		{B4148570-826E-4B81-8BD3-892D444084C5}.Release|x64.ActiveCfg = Release|x64
		{B4148570-826E-4B81-8BD3-892D444084C5}.Release|x64.Build.0 = Release|x64
		{B4148570-826E-4B81-8BD3-892D444084C5}.Release|x86.ActiveCfg = Release|Win32
		{B4148570-826E-4B81-8BD3-892D444084C5}.Release|x86.Build.0 = Release|Win32
		{E00F1E13-6FE0-4C59-85B6-C3539CA2B1C2}.Debug|Any CPU.ActiveCfg = Debug|Win32
		{E00F1E13-6FE0-4C59-85B6-C3539CA2B1C2}.Debug|x64.ActiveCfg = Debug|x64
		{E00F1E13-6FE0-4C59-85B6-C3539CA2B1C2}.Debug|x64.Build.0 = Debug|x64
		{E00F1E13-6FE0-4C59-85B6-C3539CA2B1C2}.Debug|x86.ActiveCfg = Debug|Win32
		{E00F1E13-6FE0-4C59-85B6-C3539CA2B1C2}.Debug|x86.Build.0 = Debug|Win32
		{E00F1E13-6FE0-4C59-85B6-C3539CA2B1C2}.Release|Any CPU.ActiveCfg = Release|Win32
		{E00F1E13-6FE0-4C59-85B6-C3539CA2B1C2}.Release|x64.ActiveCfg = Release|x64
		{E00F1E13-6FE0-4C59-85B6-C3539CA2B1C2}.Release|x64.Build.0 = Release|x64
		{E00F1E13-6FE0-4C59-85B6-C3539CA2B1C2}.Release|x86.ActiveCfg = Release|Win32
		{E00F1E13-6FE0-4C59-85B6-C3539CA2B1C2}.Release|x86.Build.0 = Release|Win32
		{E5F0E5D1-4D5E-4298-B709-F1506FF2A531}.Debug|Any CPU.ActiveCfg = Debug|Win32
		{E5F0E5D1-4D5E-4298-B709-F1506FF2A531}.Debug|x64.ActiveCfg = Debug|x64
		{E5F0E5D1-4D5E-4298-B709-F1506FF2A531}.Debug|x64.Build.0 = Debug|x64
		{E5F0E5D1-4D5E-4298-B709-F1506FF2A531}.Debug|x86.ActiveCfg = Debug|Win32
		{E5F0E5D1-4D5E-4298-B709-F1506FF2A531}.Debug|x86.Build.0 = Debug|Win32
		{E5F0E5D1-4D5E-4298-B709-F1506FF2A531}.Release|Any CPU.ActiveCfg = Release|Win32
		{E5F0E5D1-4D5E-4298-B709-F1506FF2A531}.Release|x64.ActiveCfg = Release|x64
		{E5F0E5D1-4D5E-4298-B709-F1506FF2A531}.Release|x64.Build.0 = Release|x64
		{E5F0E5D1-4D5E-4298-B709-F1506FF2A531}.Release|x86.ActiveCfg = Release|Win32
		{E5F0E5D1-4D5E-4298-B709-F1506FF2A531}.Release|x86.Build.0 = Release|Win32
		{E8CBF794-5C50-4BF9-9C2B-D61B07FE0BB4}.Debug|Any CPU.ActiveCfg = Debug|Win32
		{E8CBF794-5C50-4BF9-9C2B-D61B07FE0BB4}.Debug|x64.ActiveCfg = Debug|x64
		{E8CBF794-5C50-4BF9-9C2B-D61B07FE0BB4}.Debug|x64.Build.0 = Debug|x64
		{E8CBF794-5C50-4BF9-9C2B-D61B07FE0BB4}.Debug|x86.ActiveCfg = Debug|Win32
		{E8CBF794-5C50-4BF9-9C2B-D61B07FE0BB4}.Debug|x86.Build.0 = Debug|Win32
		{E8CBF794-5C50-4BF9-9C2B-D61B07FE0BB4}.Release|Any CPU.ActiveCfg = Release|Win32
		{E8CBF794-5C50-4BF9-9C2B-D61B07FE0BB4}.Release|x64.ActiveCfg = Release|x64
		{E8CBF794-5C50-4BF9-9C2B-D61B07FE0BB4}.Release|x64.Build.0 = Release|x64
		{E8CBF794-5C50-4BF9-9C2B-D61B07FE0BB4}.Release|x86.ActiveCfg = Release|Win32
		{E8CBF794-5C50-4BF9-9C2B-D61B07FE0BB4}.Release|x86.Build.0 = Release|Win32
		{7B987C9F-B4C8-4EFD-9057-7CA43CB96A0B}.Debug|Any CPU.ActiveCfg = Debug|Win32
		{7B987C9F-B4C8-4EFD-9057-7CA43CB96A0B}.Debug|x64.ActiveCfg = Debug|x64
		{7B987C9F-B4C8-4EFD-9057-7CA43CB96A0B}.Debug|x64.Build.0 = Debug|x64
		{7B987C9F-B4C8-4EFD-9057-7CA43CB96A0B}.Debug|x86.ActiveCfg = Debug|Win32
		{7B987C9F-B4C8-4EFD-9057-7CA43CB96A0B}.Debug|x86.Build.0 = Debug|Win32
		{7B987C9F-B4C8-4EFD-9057-7CA43CB96A0B}.Release|Any CPU.ActiveCfg = Release|Win32
		{7B987C9F-B4C8-4EFD-9057-7CA43CB96A0B}.Release|x64.ActiveCfg = Release|x64
		{7B987C9F-B4C8-4EFD-9057-7CA43CB96A0B}.Release|x64.Build.0 = Release|x64
		{7B987C9F-B4C8-4EFD-9057-7CA43CB96A0B}.Release|x86.ActiveCfg = Release|Win32
		{7B987C9F-B4C8-4EFD-9057-7CA43CB96A0B}.Release|x86.Build.0 = Release|Win32
		{3731DEAB-7556-4AE9-810E-D44BB7A27B0C}.Debug|Any CPU.ActiveCfg = Debug|Win32
		{3731DEAB-7556-4AE9-810E-D44BB7A27B0C}.Debug|x64.ActiveCfg = Debug|x64
		{3731DEAB-7556-4AE9-810E-D44BB7A27B0C}.Debug|x64.Build.0 = Debug|x64
		{3731DEAB-7556-4AE9-810E-D44BB7A27B0C}.Debug|x86.ActiveCfg = Debug|Win32
		{3731DEAB-7556-4AE9-810E-D44BB7A27B0C}.Debug|x86.Build.0 = Debug|Win32
		{3731DEAB-7556-4AE9-810E-D44BB7A27B0C}.Release|Any CPU.ActiveCfg = Release|Win32
		{3731DEAB-7556-4AE9-810E-D44BB7A27B0C}.Release|x64.ActiveCfg = Release|x64
		{3731DEAB-7556-4AE9-810E-D44BB7A27B0C}.Release|x64.Build.0 = Release|x64
		{3731DEAB-7556-4AE9-810E-D44BB7A27B0C}.Release|x86.ActiveCfg = Release|Win32
		{3731DEAB-7556-4AE9-810E-D44BB7A27B0C}.Release|x86.Build.0 = Release|Win32
		{4D84DCBD-7B0D-409D-A32E-27E3176CEC65}.Debug|Any CPU.ActiveCfg = Debug|Win32
		{4D84DCBD-7B0D-409D-A32E-27E3176CEC65}.Debug|x64.ActiveCfg = Debug|x64
		{4D84DCBD-7B0D-409D-A32E-27E3176CEC65}.Debug|x64.Build.0 = Debug|x64
		{4D84DCBD-7B0D-409D-A32E-27E3176CEC65}.Debug|x86.ActiveCfg = Debug|Win32
		{4D84DCBD-7B0D-409D-A32E-27E3176CEC65}.Debug|x86.Build.0 = Debug|Win32
		{4D84DCBD-7B0D-409D-A32E-27E3176CEC65}.Release|Any CPU.ActiveCfg = Release|Win32
		{4D84DCBD-7B0D-409D-A32E-27E3176CEC65}.Release|x64.ActiveCfg = Release|x64
		{4D84DCBD-7B0D-409D-A32E-27E3176CEC65}.Release|x64.Build.0 = Release|x64
		{4D84DCBD-7B0D-409D-A32E-27E3176CEC65}.Release|x86.ActiveCfg = Release|Win32
		{4D84DCBD-7B0D-409D-A32E-27E3176CEC65}.Release|x86.Build.0 = Release|Win32
		{23D57F60-558B-4069-BECF-0C40C440088D}.Debug|Any CPU.ActiveCfg = Debug|Win32
		{23D57F60-558B-4069-BECF-0C40C440088D}.Debug|x64.ActiveCfg = Debug|x64
		{23D57F60-558B-4069-BECF-0C40C440088D}.Debug|x64.Build.0 = Debug|x64
		{23D57F60-558B-4069-BECF-0C40C440088D}.Debug|x86.ActiveCfg = Debug|Win32
		{23D57F60-558B-4069-BECF-0C40C440088D}.Debug|x86.Build.0 = Debug|Win32
		{23D57F60-558B-4069-BECF-0C40C440088D}.Release|Any CPU.ActiveCfg = Release|Win32
		{23D57F60-558B-4069-BECF-0C40C440088D}.Release|x64.ActiveCfg = Release|x64
		{23D57F60-558B-4069-BECF-0C40C440088D}.Release|x64.Build.0 = Release|x64
		{23D57F60-558B-4069-BECF-0C40C440088D}.Release|x86.ActiveCfg = Release|Win32
		{23D57F60-558B-4069-BECF-0C40C440088D}.Release|x86.Build.0 = Release|Win32
	EndGlobalSection
	GlobalSection(SolutionProperties) = preSolution
		HideSolutionNode = FALSE
	EndGlobalSection
EndGlobal
